// !$*UTF8*$!
{
	archiveVersion = 1;
	classes = {
	};
	objectVersion = 56;
	objects = {

/* Begin PBXBuildFile section */
		C489EEF92AB5CDD600D58898 /* WetherAppApp.swift in Sources */ = {isa = PBXBuildFile; fileRef = C489EEF82AB5CDD600D58898 /* WetherAppApp.swift */; };
		C489EEFB2AB5CDD600D58898 /* ContentView.swift in Sources */ = {isa = PBXBuildFile; fileRef = C489EEFA2AB5CDD600D58898 /* ContentView.swift */; };
		C489EEFD2AB5CDD800D58898 /* Assets.xcassets in Resources */ = {isa = PBXBuildFile; fileRef = C489EEFC2AB5CDD800D58898 /* Assets.xcassets */; };
		C489EF002AB5CDD800D58898 /* Preview Assets.xcassets in Resources */ = {isa = PBXBuildFile; fileRef = C489EEFF2AB5CDD800D58898 /* Preview Assets.xcassets */; };
		C489EF082AB5CEB000D58898 /* LocationManager.swift in Sources */ = {isa = PBXBuildFile; fileRef = C489EF072AB5CEB000D58898 /* LocationManager.swift */; };
		C489EF0B2AB5D0AC00D58898 /* WelcomeView.swift in Sources */ = {isa = PBXBuildFile; fileRef = C489EF0A2AB5D0AC00D58898 /* WelcomeView.swift */; };
		C489EF0D2AB5D26C00D58898 /* LoadingView.swift in Sources */ = {isa = PBXBuildFile; fileRef = C489EF0C2AB5D26C00D58898 /* LoadingView.swift */; };
		C489EF0F2AB5D50100D58898 /* WetherManager.swift in Sources */ = {isa = PBXBuildFile; fileRef = C489EF0E2AB5D50100D58898 /* WetherManager.swift */; };
		C489EF112AB5DC8900D58898 /* NetworkManager.swift in Sources */ = {isa = PBXBuildFile; fileRef = C489EF102AB5DC8900D58898 /* NetworkManager.swift */; };
		C489EF132AB5E84100D58898 /* WetherView.swift in Sources */ = {isa = PBXBuildFile; fileRef = C489EF122AB5E84100D58898 /* WetherView.swift */; };
		C489EF152AB5F73200D58898 /* TitleView.swift in Sources */ = {isa = PBXBuildFile; fileRef = C489EF142AB5F73200D58898 /* TitleView.swift */; };
		C489EF172AB5F74E00D58898 /* CompactWetherCard.swift in Sources */ = {isa = PBXBuildFile; fileRef = C489EF162AB5F74E00D58898 /* CompactWetherCard.swift */; };
		C489EF192AB5F76500D58898 /* WetherItem.swift in Sources */ = {isa = PBXBuildFile; fileRef = C489EF182AB5F76500D58898 /* WetherItem.swift */; };
		C489EF1B2AB5F77500D58898 /* WetherDetails.swift in Sources */ = {isa = PBXBuildFile; fileRef = C489EF1A2AB5F77500D58898 /* WetherDetails.swift */; };
		C489EF1E2AB5F7A100D58898 /* WetherDetailsCard.swift in Sources */ = {isa = PBXBuildFile; fileRef = C489EF1D2AB5F7A100D58898 /* WetherDetailsCard.swift */; };
		C489EF202AB5F7B200D58898 /* CompactWetherView.swift in Sources */ = {isa = PBXBuildFile; fileRef = C489EF1F2AB5F7B200D58898 /* CompactWetherView.swift */; };
		C489EF222AB623C800D58898 /* WeatherViewModel.swift in Sources */ = {isa = PBXBuildFile; fileRef = C489EF212AB623C800D58898 /* WeatherViewModel.swift */; };
		C489EF242AB6278700D58898 /* wether.json in Resources */ = {isa = PBXBuildFile; fileRef = C489EF232AB6278700D58898 /* wether.json */; };
		C489EF262AB628B300D58898 /* Extensions.swift in Sources */ = {isa = PBXBuildFile; fileRef = C489EF252AB628B300D58898 /* Extensions.swift */; };
		C489EF282AB629B300D58898 /* ModelData.swift in Sources */ = {isa = PBXBuildFile; fileRef = C489EF272AB629B300D58898 /* ModelData.swift */; };
/* End PBXBuildFile section */

/* Begin PBXFileReference section */
		C489EEF52AB5CDD600D58898 /* WetherApp.app */ = {isa = PBXFileReference; explicitFileType = wrapper.application; includeInIndex = 0; path = WetherApp.app; sourceTree = BUILT_PRODUCTS_DIR; };
		C489EEF82AB5CDD600D58898 /* WetherAppApp.swift */ = {isa = PBXFileReference; lastKnownFileType = sourcecode.swift; path = WetherAppApp.swift; sourceTree = "<group>"; };
		C489EEFA2AB5CDD600D58898 /* ContentView.swift */ = {isa = PBXFileReference; lastKnownFileType = sourcecode.swift; path = ContentView.swift; sourceTree = "<group>"; };
		C489EEFC2AB5CDD800D58898 /* Assets.xcassets */ = {isa = PBXFileReference; lastKnownFileType = folder.assetcatalog; path = Assets.xcassets; sourceTree = "<group>"; };
		C489EEFF2AB5CDD800D58898 /* Preview Assets.xcassets */ = {isa = PBXFileReference; lastKnownFileType = folder.assetcatalog; path = "Preview Assets.xcassets"; sourceTree = "<group>"; };
		C489EF072AB5CEB000D58898 /* LocationManager.swift */ = {isa = PBXFileReference; lastKnownFileType = sourcecode.swift; path = LocationManager.swift; sourceTree = "<group>"; };
		C489EF0A2AB5D0AC00D58898 /* WelcomeView.swift */ = {isa = PBXFileReference; lastKnownFileType = sourcecode.swift; path = WelcomeView.swift; sourceTree = "<group>"; };
		C489EF0C2AB5D26C00D58898 /* LoadingView.swift */ = {isa = PBXFileReference; lastKnownFileType = sourcecode.swift; path = LoadingView.swift; sourceTree = "<group>"; };
		C489EF0E2AB5D50100D58898 /* WetherManager.swift */ = {isa = PBXFileReference; lastKnownFileType = sourcecode.swift; path = WetherManager.swift; sourceTree = "<group>"; };
		C489EF102AB5DC8900D58898 /* NetworkManager.swift */ = {isa = PBXFileReference; lastKnownFileType = sourcecode.swift; path = NetworkManager.swift; sourceTree = "<group>"; };
		C489EF122AB5E84100D58898 /* WetherView.swift */ = {isa = PBXFileReference; lastKnownFileType = sourcecode.swift; path = WetherView.swift; sourceTree = "<group>"; };
		C489EF142AB5F73200D58898 /* TitleView.swift */ = {isa = PBXFileReference; lastKnownFileType = sourcecode.swift; path = TitleView.swift; sourceTree = "<group>"; };
		C489EF162AB5F74E00D58898 /* CompactWetherCard.swift */ = {isa = PBXFileReference; lastKnownFileType = sourcecode.swift; path = CompactWetherCard.swift; sourceTree = "<group>"; };
		C489EF182AB5F76500D58898 /* WetherItem.swift */ = {isa = PBXFileReference; lastKnownFileType = sourcecode.swift; path = WetherItem.swift; sourceTree = "<group>"; };
		C489EF1A2AB5F77500D58898 /* WetherDetails.swift */ = {isa = PBXFileReference; lastKnownFileType = sourcecode.swift; path = WetherDetails.swift; sourceTree = "<group>"; };
		C489EF1D2AB5F7A100D58898 /* WetherDetailsCard.swift */ = {isa = PBXFileReference; lastKnownFileType = sourcecode.swift; path = WetherDetailsCard.swift; sourceTree = "<group>"; };
		C489EF1F2AB5F7B200D58898 /* CompactWetherView.swift */ = {isa = PBXFileReference; lastKnownFileType = sourcecode.swift; path = CompactWetherView.swift; sourceTree = "<group>"; };
		C489EF212AB623C800D58898 /* WeatherViewModel.swift */ = {isa = PBXFileReference; lastKnownFileType = sourcecode.swift; path = WeatherViewModel.swift; sourceTree = "<group>"; };
		C489EF232AB6278700D58898 /* wether.json */ = {isa = PBXFileReference; lastKnownFileType = text.json; path = wether.json; sourceTree = "<group>"; };
		C489EF252AB628B300D58898 /* Extensions.swift */ = {isa = PBXFileReference; lastKnownFileType = sourcecode.swift; path = Extensions.swift; sourceTree = "<group>"; };
		C489EF272AB629B300D58898 /* ModelData.swift */ = {isa = PBXFileReference; lastKnownFileType = sourcecode.swift; path = ModelData.swift; sourceTree = "<group>"; };
/* End PBXFileReference section */

/* Begin PBXFrameworksBuildPhase section */
		C489EEF22AB5CDD600D58898 /* Frameworks */ = {
			isa = PBXFrameworksBuildPhase;
			buildActionMask = 2147483647;
			files = (
			);
			runOnlyForDeploymentPostprocessing = 0;
		};
/* End PBXFrameworksBuildPhase section */

/* Begin PBXGroup section */
		C489EEEC2AB5CDD600D58898 = {
			isa = PBXGroup;
			children = (
				C489EEF72AB5CDD600D58898 /* WetherApp */,
				C489EEF62AB5CDD600D58898 /* Products */,
			);
			sourceTree = "<group>";
		};
		C489EEF62AB5CDD600D58898 /* Products */ = {
			isa = PBXGroup;
			children = (
				C489EEF52AB5CDD600D58898 /* WetherApp.app */,
			);
			name = Products;
			sourceTree = "<group>";
		};
		C489EEF72AB5CDD600D58898 /* WetherApp */ = {
			isa = PBXGroup;
			children = (
				C489EF252AB628B300D58898 /* Extensions.swift */,
				C489EF092AB5D07B00D58898 /* Views */,
				C489EF062AB5CEA500D58898 /* Managers */,
				C489EEF82AB5CDD600D58898 /* WetherAppApp.swift */,
				C489EF212AB623C800D58898 /* WeatherViewModel.swift */,
				C489EEFC2AB5CDD800D58898 /* Assets.xcassets */,
				C489EEFE2AB5CDD800D58898 /* Preview Content */,
			);
			path = WetherApp;
			sourceTree = "<group>";
		};
		C489EEFE2AB5CDD800D58898 /* Preview Content */ = {
			isa = PBXGroup;
			children = (
				C489EEFF2AB5CDD800D58898 /* Preview Assets.xcassets */,
				C489EF232AB6278700D58898 /* wether.json */,
				C489EF272AB629B300D58898 /* ModelData.swift */,
			);
			path = "Preview Content";
			sourceTree = "<group>";
		};
		C489EF062AB5CEA500D58898 /* Managers */ = {
			isa = PBXGroup;
			children = (
				C489EF072AB5CEB000D58898 /* LocationManager.swift */,
				C489EF0E2AB5D50100D58898 /* WetherManager.swift */,
				C489EF102AB5DC8900D58898 /* NetworkManager.swift */,
			);
			path = Managers;
			sourceTree = "<group>";
		};
		C489EF092AB5D07B00D58898 /* Views */ = {
			isa = PBXGroup;
			children = (
				C489EEFA2AB5CDD600D58898 /* ContentView.swift */,
				C489EF0A2AB5D0AC00D58898 /* WelcomeView.swift */,
				C489EF1C2AB5F78800D58898 /* Weather */,
				C489EF0C2AB5D26C00D58898 /* LoadingView.swift */,
			);
			path = Views;
			sourceTree = "<group>";
		};
		C489EF1C2AB5F78800D58898 /* Weather */ = {
			isa = PBXGroup;
			children = (
				C489EF142AB5F73200D58898 /* TitleView.swift */,
				C489EF122AB5E84100D58898 /* WetherView.swift */,
				C489EF182AB5F76500D58898 /* WetherItem.swift */,
				C489EF162AB5F74E00D58898 /* CompactWetherCard.swift */,
				C489EF1A2AB5F77500D58898 /* WetherDetails.swift */,
				C489EF1D2AB5F7A100D58898 /* WetherDetailsCard.swift */,
				C489EF1F2AB5F7B200D58898 /* CompactWetherView.swift */,
			);
			path = Weather;
			sourceTree = "<group>";
		};
/* End PBXGroup section */

/* Begin PBXNativeTarget section */
		C489EEF42AB5CDD600D58898 /* WetherApp */ = {
			isa = PBXNativeTarget;
			buildConfigurationList = C489EF032AB5CDD800D58898 /* Build configuration list for PBXNativeTarget "WetherApp" */;
			buildPhases = (
				C489EEF12AB5CDD600D58898 /* Sources */,
				C489EEF22AB5CDD600D58898 /* Frameworks */,
				C489EEF32AB5CDD600D58898 /* Resources */,
			);
			buildRules = (
			);
			dependencies = (
			);
			name = WetherApp;
			productName = WetherApp;
			productReference = C489EEF52AB5CDD600D58898 /* WetherApp.app */;
			productType = "com.apple.product-type.application";
		};
/* End PBXNativeTarget section */

/* Begin PBXProject section */
		C489EEED2AB5CDD600D58898 /* Project object */ = {
			isa = PBXProject;
			attributes = {
				BuildIndependentTargetsInParallel = 1;
				LastSwiftUpdateCheck = 1430;
				LastUpgradeCheck = 1430;
				TargetAttributes = {
					C489EEF42AB5CDD600D58898 = {
						CreatedOnToolsVersion = 14.3.1;
					};
				};
			};
			buildConfigurationList = C489EEF02AB5CDD600D58898 /* Build configuration list for PBXProject "WetherApp" */;
			compatibilityVersion = "Xcode 14.0";
			developmentRegion = en;
			hasScannedForEncodings = 0;
			knownRegions = (
				en,
				Base,
			);
			mainGroup = C489EEEC2AB5CDD600D58898;
			productRefGroup = C489EEF62AB5CDD600D58898 /* Products */;
			projectDirPath = "";
			projectRoot = "";
			targets = (
				C489EEF42AB5CDD600D58898 /* WetherApp */,
			);
		};
/* End PBXProject section */

/* Begin PBXResourcesBuildPhase section */
		C489EEF32AB5CDD600D58898 /* Resources */ = {
			isa = PBXResourcesBuildPhase;
			buildActionMask = 2147483647;
			files = (
				C489EF002AB5CDD800D58898 /* Preview Assets.xcassets in Resources */,
				C489EEFD2AB5CDD800D58898 /* Assets.xcassets in Resources */,
				C489EF242AB6278700D58898 /* wether.json in Resources */,
			);
			runOnlyForDeploymentPostprocessing = 0;
		};
/* End PBXResourcesBuildPhase section */

/* Begin PBXSourcesBuildPhase section */
		C489EEF12AB5CDD600D58898 /* Sources */ = {
			isa = PBXSourcesBuildPhase;
			buildActionMask = 2147483647;
			files = (
				C489EF282AB629B300D58898 /* ModelData.swift in Sources */,
				C489EF192AB5F76500D58898 /* WetherItem.swift in Sources */,
				C489EF0F2AB5D50100D58898 /* WetherManager.swift in Sources */,
				C489EEFB2AB5CDD600D58898 /* ContentView.swift in Sources */,
				C489EF262AB628B300D58898 /* Extensions.swift in Sources */,
				C489EEF92AB5CDD600D58898 /* WetherAppApp.swift in Sources */,
				C489EF1E2AB5F7A100D58898 /* WetherDetailsCard.swift in Sources */,
				C489EF112AB5DC8900D58898 /* NetworkManager.swift in Sources */,
				C489EF082AB5CEB000D58898 /* LocationManager.swift in Sources */,
				C489EF152AB5F73200D58898 /* TitleView.swift in Sources */,
				C489EF172AB5F74E00D58898 /* CompactWetherCard.swift in Sources */,
				C489EF132AB5E84100D58898 /* WetherView.swift in Sources */,
				C489EF222AB623C800D58898 /* WeatherViewModel.swift in Sources */,
				C489EF0D2AB5D26C00D58898 /* LoadingView.swift in Sources */,
				C489EF202AB5F7B200D58898 /* CompactWetherView.swift in Sources */,
				C489EF0B2AB5D0AC00D58898 /* WelcomeView.swift in Sources */,
				C489EF1B2AB5F77500D58898 /* WetherDetails.swift in Sources */,
			);
			runOnlyForDeploymentPostprocessing = 0;
		};
/* End PBXSourcesBuildPhase section */

/* Begin XCBuildConfiguration section */
		C489EF012AB5CDD800D58898 /* Debug */ = {
			isa = XCBuildConfiguration;
			buildSettings = {
				ALWAYS_SEARCH_USER_PATHS = NO;
				CLANG_ANALYZER_NONNULL = YES;
				CLANG_ANALYZER_NUMBER_OBJECT_CONVERSION = YES_AGGRESSIVE;
				CLANG_CXX_LANGUAGE_STANDARD = "gnu++20";
				CLANG_ENABLE_MODULES = YES;
				CLANG_ENABLE_OBJC_ARC = YES;
				CLANG_ENABLE_OBJC_WEAK = YES;
				CLANG_WARN_BLOCK_CAPTURE_AUTORELEASING = YES;
				CLANG_WARN_BOOL_CONVERSION = YES;
				CLANG_WARN_COMMA = YES;
				CLANG_WARN_CONSTANT_CONVERSION = YES;
				CLANG_WARN_DEPRECATED_OBJC_IMPLEMENTATIONS = YES;
				CLANG_WARN_DIRECT_OBJC_ISA_USAGE = YES_ERROR;
				CLANG_WARN_DOCUMENTATION_COMMENTS = YES;
				CLANG_WARN_EMPTY_BODY = YES;
				CLANG_WARN_ENUM_CONVERSION = YES;
				CLANG_WARN_INFINITE_RECURSION = YES;
				CLANG_WARN_INT_CONVERSION = YES;
				CLANG_WARN_NON_LITERAL_NULL_CONVERSION = YES;
				CLANG_WARN_OBJC_IMPLICIT_RETAIN_SELF = YES;
				CLANG_WARN_OBJC_LITERAL_CONVERSION = YES;
				CLANG_WARN_OBJC_ROOT_CLASS = YES_ERROR;
				CLANG_WARN_QUOTED_INCLUDE_IN_FRAMEWORK_HEADER = YES;
				CLANG_WARN_RANGE_LOOP_ANALYSIS = YES;
				CLANG_WARN_STRICT_PROTOTYPES = YES;
				CLANG_WARN_SUSPICIOUS_MOVE = YES;
				CLANG_WARN_UNGUARDED_AVAILABILITY = YES_AGGRESSIVE;
				CLANG_WARN_UNREACHABLE_CODE = YES;
				CLANG_WARN__DUPLICATE_METHOD_MATCH = YES;
				COPY_PHASE_STRIP = NO;
				DEBUG_INFORMATION_FORMAT = dwarf;
				ENABLE_STRICT_OBJC_MSGSEND = YES;
				ENABLE_TESTABILITY = YES;
				GCC_C_LANGUAGE_STANDARD = gnu11;
				GCC_DYNAMIC_NO_PIC = NO;
				GCC_NO_COMMON_BLOCKS = YES;
				GCC_OPTIMIZATION_LEVEL = 0;
				GCC_PREPROCESSOR_DEFINITIONS = (
					"DEBUG=1",
					"$(inherited)",
				);
				GCC_WARN_64_TO_32_BIT_CONVERSION = YES;
				GCC_WARN_ABOUT_RETURN_TYPE = YES_ERROR;
				GCC_WARN_UNDECLARED_SELECTOR = YES;
				GCC_WARN_UNINITIALIZED_AUTOS = YES_AGGRESSIVE;
				GCC_WARN_UNUSED_FUNCTION = YES;
				GCC_WARN_UNUSED_VARIABLE = YES;
				IPHONEOS_DEPLOYMENT_TARGET = 16.4;
				MTL_ENABLE_DEBUG_INFO = INCLUDE_SOURCE;
				MTL_FAST_MATH = YES;
				ONLY_ACTIVE_ARCH = YES;
				SDKROOT = iphoneos;
				SWIFT_ACTIVE_COMPILATION_CONDITIONS = DEBUG;
				SWIFT_OPTIMIZATION_LEVEL = "-Onone";
			};
			name = Debug;
		};
		C489EF022AB5CDD800D58898 /* Release */ = {
			isa = XCBuildConfiguration;
			buildSettings = {
				ALWAYS_SEARCH_USER_PATHS = NO;
				CLANG_ANALYZER_NONNULL = YES;
				CLANG_ANALYZER_NUMBER_OBJECT_CONVERSION = YES_AGGRESSIVE;
				CLANG_CXX_LANGUAGE_STANDARD = "gnu++20";
				CLANG_ENABLE_MODULES = YES;
				CLANG_ENABLE_OBJC_ARC = YES;
				CLANG_ENABLE_OBJC_WEAK = YES;
				CLANG_WARN_BLOCK_CAPTURE_AUTORELEASING = YES;
				CLANG_WARN_BOOL_CONVERSION = YES;
				CLANG_WARN_COMMA = YES;
				CLANG_WARN_CONSTANT_CONVERSION = YES;
				CLANG_WARN_DEPRECATED_OBJC_IMPLEMENTATIONS = YES;
				CLANG_WARN_DIRECT_OBJC_ISA_USAGE = YES_ERROR;
				CLANG_WARN_DOCUMENTATION_COMMENTS = YES;
				CLANG_WARN_EMPTY_BODY = YES;
				CLANG_WARN_ENUM_CONVERSION = YES;
				CLANG_WARN_INFINITE_RECURSION = YES;
				CLANG_WARN_INT_CONVERSION = YES;
				CLANG_WARN_NON_LITERAL_NULL_CONVERSION = YES;
				CLANG_WARN_OBJC_IMPLICIT_RETAIN_SELF = YES;
				CLANG_WARN_OBJC_LITERAL_CONVERSION = YES;
				CLANG_WARN_OBJC_ROOT_CLASS = YES_ERROR;
				CLANG_WARN_QUOTED_INCLUDE_IN_FRAMEWORK_HEADER = YES;
				CLANG_WARN_RANGE_LOOP_ANALYSIS = YES;
				CLANG_WARN_STRICT_PROTOTYPES = YES;
				CLANG_WARN_SUSPICIOUS_MOVE = YES;
				CLANG_WARN_UNGUARDED_AVAILABILITY = YES_AGGRESSIVE;
				CLANG_WARN_UNREACHABLE_CODE = YES;
				CLANG_WARN__DUPLICATE_METHOD_MATCH = YES;
				COPY_PHASE_STRIP = NO;
				DEBUG_INFORMATION_FORMAT = "dwarf-with-dsym";
				ENABLE_NS_ASSERTIONS = NO;
				ENABLE_STRICT_OBJC_MSGSEND = YES;
				GCC_C_LANGUAGE_STANDARD = gnu11;
				GCC_NO_COMMON_BLOCKS = YES;
				GCC_WARN_64_TO_32_BIT_CONVERSION = YES;
				GCC_WARN_ABOUT_RETURN_TYPE = YES_ERROR;
				GCC_WARN_UNDECLARED_SELECTOR = YES;
				GCC_WARN_UNINITIALIZED_AUTOS = YES_AGGRESSIVE;
				GCC_WARN_UNUSED_FUNCTION = YES;
				GCC_WARN_UNUSED_VARIABLE = YES;
				IPHONEOS_DEPLOYMENT_TARGET = 16.4;
				MTL_ENABLE_DEBUG_INFO = NO;
				MTL_FAST_MATH = YES;
				SDKROOT = iphoneos;
				SWIFT_COMPILATION_MODE = wholemodule;
				SWIFT_OPTIMIZATION_LEVEL = "-O";
				VALIDATE_PRODUCT = YES;
			};
			name = Release;
		};
		C489EF042AB5CDD800D58898 /* Debug */ = {
			isa = XCBuildConfiguration;
			buildSettings = {
				ASSETCATALOG_COMPILER_APPICON_NAME = AppIcon;
				ASSETCATALOG_COMPILER_GLOBAL_ACCENT_COLOR_NAME = AccentColor;
				CODE_SIGN_STYLE = Automatic;
				CURRENT_PROJECT_VERSION = 1;
				DEVELOPMENT_ASSET_PATHS = "\"WetherApp/Preview Content\"";
				DEVELOPMENT_TEAM = H664JH8TFP;
				ENABLE_PREVIEWS = YES;
				GENERATE_INFOPLIST_FILE = YES;
				INFOPLIST_KEY_UIApplicationSceneManifest_Generation = YES;
				INFOPLIST_KEY_UIApplicationSupportsIndirectInputEvents = YES;
				INFOPLIST_KEY_UILaunchScreen_Generation = YES;
				INFOPLIST_KEY_UISupportedInterfaceOrientations_iPad = "UIInterfaceOrientationPortrait UIInterfaceOrientationPortraitUpsideDown UIInterfaceOrientationLandscapeLeft UIInterfaceOrientationLandscapeRight";
				INFOPLIST_KEY_UISupportedInterfaceOrientations_iPhone = "UIInterfaceOrientationPortrait UIInterfaceOrientationLandscapeLeft UIInterfaceOrientationLandscapeRight";
				LD_RUNPATH_SEARCH_PATHS = (
					"$(inherited)",
					"@executable_path/Frameworks",
				);
				MARKETING_VERSION = 1.0;
				PRODUCT_BUNDLE_IDENTIFIER = com.yaroslavArk.WetherApp;
				PRODUCT_NAME = "$(TARGET_NAME)";
				SWIFT_EMIT_LOC_STRINGS = YES;
				SWIFT_VERSION = 5.0;
				TARGETED_DEVICE_FAMILY = "1,2";
			};
			name = Debug;
		};
		C489EF052AB5CDD800D58898 /* Release */ = {
			isa = XCBuildConfiguration;
			buildSettings = {
				ASSETCATALOG_COMPILER_APPICON_NAME = AppIcon;
				ASSETCATALOG_COMPILER_GLOBAL_ACCENT_COLOR_NAME = AccentColor;
				CODE_SIGN_STYLE = Automatic;
				CURRENT_PROJECT_VERSION = 1;
				DEVELOPMENT_ASSET_PATHS = "\"WetherApp/Preview Content\"";
				DEVELOPMENT_TEAM = H664JH8TFP;
				ENABLE_PREVIEWS = YES;
				GENERATE_INFOPLIST_FILE = YES;
				INFOPLIST_KEY_UIApplicationSceneManifest_Generation = YES;
				INFOPLIST_KEY_UIApplicationSupportsIndirectInputEvents = YES;
				INFOPLIST_KEY_UILaunchScreen_Generation = YES;
				INFOPLIST_KEY_UISupportedInterfaceOrientations_iPad = "UIInterfaceOrientationPortrait UIInterfaceOrientationPortraitUpsideDown UIInterfaceOrientationLandscapeLeft UIInterfaceOrientationLandscapeRight";
				INFOPLIST_KEY_UISupportedInterfaceOrientations_iPhone = "UIInterfaceOrientationPortrait UIInterfaceOrientationLandscapeLeft UIInterfaceOrientationLandscapeRight";
				LD_RUNPATH_SEARCH_PATHS = (
					"$(inherited)",
					"@executable_path/Frameworks",
				);
				MARKETING_VERSION = 1.0;
				PRODUCT_BUNDLE_IDENTIFIER = com.yaroslavArk.WetherApp;
				PRODUCT_NAME = "$(TARGET_NAME)";
				SWIFT_EMIT_LOC_STRINGS = YES;
				SWIFT_VERSION = 5.0;
				TARGETED_DEVICE_FAMILY = "1,2";
			};
			name = Release;
		};
/* End XCBuildConfiguration section */

/* Begin XCConfigurationList section */
		C489EEF02AB5CDD600D58898 /* Build configuration list for PBXProject "WetherApp" */ = {
			isa = XCConfigurationList;
			buildConfigurations = (
				C489EF012AB5CDD800D58898 /* Debug */,
				C489EF022AB5CDD800D58898 /* Release */,
			);
			defaultConfigurationIsVisible = 0;
			defaultConfigurationName = Release;
		};
		C489EF032AB5CDD800D58898 /* Build configuration list for PBXNativeTarget "WetherApp" */ = {
			isa = XCConfigurationList;
			buildConfigurations = (
				C489EF042AB5CDD800D58898 /* Debug */,
				C489EF052AB5CDD800D58898 /* Release */,
			);
			defaultConfigurationIsVisible = 0;
			defaultConfigurationName = Release;
		};
/* End XCConfigurationList section */
	};
	rootObject = C489EEED2AB5CDD600D58898 /* Project object */;
}
